// !$*UTF8*$!
{
	archiveVersion = 1;
	classes = {
	};
	objectVersion = 46;
	objects = {

/* Begin PBXBuildFile section */
		64073EB5199784BD001CCE27 /* NSError+Extension.m in Sources */ = {isa = PBXBuildFile; fileRef = 64073EB3199784BD001CCE27 /* NSError+Extension.m */; };
		64279DCD19A0965800964E7B /* MudManager.m in Sources */ = {isa = PBXBuildFile; fileRef = 64279DCB19A0965800964E7B /* MudManager.m */; };
		6462B30319E92502004125EE /* NSFileManager+Category.m in Sources */ = {isa = PBXBuildFile; fileRef = 6462B30119E92502004125EE /* NSFileManager+Category.m */; };
		647FAB7D19519767004AA067 /* MudDisplayTableViewController.m in Sources */ = {isa = PBXBuildFile; fileRef = 647FAB7B19519767004AA067 /* MudDisplayTableViewController.m */; };
		6485E565199A038C00872A73 /* NSURL+Extension.m in Sources */ = {isa = PBXBuildFile; fileRef = 6485E563199A038C00872A73 /* NSURL+Extension.m */; };
		64905D521990B946005CAD28 /* UIApplication+Extension.m in Sources */ = {isa = PBXBuildFile; fileRef = 64905D501990B946005CAD28 /* UIApplication+Extension.m */; };
		64956A6319837C0800F80A6E /* MudTabPagesView.m in Sources */ = {isa = PBXBuildFile; fileRef = 64956A6119837C0800F80A6E /* MudTabPagesView.m */; };
		64956A6719837D4700F80A6E /* MudTabPageBar.m in Sources */ = {isa = PBXBuildFile; fileRef = 64956A6519837D4700F80A6E /* MudTabPageBar.m */; };
		64956A6B19837FDE00F80A6E /* MudTabPageBarItem.m in Sources */ = {isa = PBXBuildFile; fileRef = 64956A6919837FDE00F80A6E /* MudTabPageBarItem.m */; };
		64959F8B198BE6BF00984DC9 /* UIDevice+Exension.m in Sources */ = {isa = PBXBuildFile; fileRef = 64959F89198BE6BF00984DC9 /* UIDevice+Exension.m */; };
		64D076551949C5FE001CF5D3 /* Foundation.framework in Frameworks */ = {isa = PBXBuildFile; fileRef = 64D076451949C5FE001CF5D3 /* Foundation.framework */; };
		64D076601949C5FE001CF5D3 /* InfoPlist.strings in Resources */ = {isa = PBXBuildFile; fileRef = 64D0765E1949C5FE001CF5D3 /* InfoPlist.strings */; };
		64D076621949C5FE001CF5D3 /* MudFrameworkTests.m in Sources */ = {isa = PBXBuildFile; fileRef = 64D076611949C5FE001CF5D3 /* MudFrameworkTests.m */; };
		64D0771C194CBAAD001CF5D3 /* NSArray+Extension.m in Sources */ = {isa = PBXBuildFile; fileRef = 64D076D5194CBAAD001CF5D3 /* NSArray+Extension.m */; };
		64D0771E194CBAAD001CF5D3 /* NSDate+Conversion.m in Sources */ = {isa = PBXBuildFile; fileRef = 64D076D7194CBAAD001CF5D3 /* NSDate+Conversion.m */; };
		64D07720194CBAAD001CF5D3 /* NSDictionary+Extension.m in Sources */ = {isa = PBXBuildFile; fileRef = 64D076D9194CBAAD001CF5D3 /* NSDictionary+Extension.m */; };
		64D07722194CBAAD001CF5D3 /* NSString+Conversion.m in Sources */ = {isa = PBXBuildFile; fileRef = 64D076DB194CBAAD001CF5D3 /* NSString+Conversion.m */; };
		64D07727194CBAAD001CF5D3 /* MudMutableArray.m in Sources */ = {isa = PBXBuildFile; fileRef = 64D076E2194CBAAD001CF5D3 /* MudMutableArray.m */; };
		64D0772A194CBAAD001CF5D3 /* MudRequest.m in Sources */ = {isa = PBXBuildFile; fileRef = 64D076E6194CBAAD001CF5D3 /* MudRequest.m */; };
		64D0772C194CBAAD001CF5D3 /* MudRequestBase.m in Sources */ = {isa = PBXBuildFile; fileRef = 64D076E8194CBAAD001CF5D3 /* MudRequestBase.m */; };
		64D07732194CBAAD001CF5D3 /* UIBarButtonItem+Extension.m in Sources */ = {isa = PBXBuildFile; fileRef = 64D076F0194CBAAD001CF5D3 /* UIBarButtonItem+Extension.m */; };
		64D07734194CBAAD001CF5D3 /* UIColor+Extension.m in Sources */ = {isa = PBXBuildFile; fileRef = 64D076F2194CBAAD001CF5D3 /* UIColor+Extension.m */; };
		64D07736194CBAAD001CF5D3 /* UIImage+Resize.m in Sources */ = {isa = PBXBuildFile; fileRef = 64D076F4194CBAAD001CF5D3 /* UIImage+Resize.m */; };
		64D07738194CBAAD001CF5D3 /* UITableViewCell+Exension.m in Sources */ = {isa = PBXBuildFile; fileRef = 64D076F6194CBAAD001CF5D3 /* UITableViewCell+Exension.m */; };
		64D0773A194CBAAD001CF5D3 /* UITableViewHeaderFooterView+Extension.m in Sources */ = {isa = PBXBuildFile; fileRef = 64D076F8194CBAAD001CF5D3 /* UITableViewHeaderFooterView+Extension.m */; };
		64D0773C194CBAAD001CF5D3 /* UIView+Toast.m in Sources */ = {isa = PBXBuildFile; fileRef = 64D076FA194CBAAD001CF5D3 /* UIView+Toast.m */; };
		64D0773F194CBAAD001CF5D3 /* MudNavigationBarMenuView.m in Sources */ = {isa = PBXBuildFile; fileRef = 64D076FE194CBAAD001CF5D3 /* MudNavigationBarMenuView.m */; };
		64D07741194CBAAD001CF5D3 /* MudPickerTextField.m in Sources */ = {isa = PBXBuildFile; fileRef = 64D07700194CBAAD001CF5D3 /* MudPickerTextField.m */; };
		64D07743194CBAAD001CF5D3 /* MudStarView.m in Sources */ = {isa = PBXBuildFile; fileRef = 64D07702194CBAAD001CF5D3 /* MudStarView.m */; };
		64D07745194CBAAD001CF5D3 /* MudAlertView.m in Sources */ = {isa = PBXBuildFile; fileRef = 64D07705194CBAAD001CF5D3 /* MudAlertView.m */; };
		64D07747194CBAAD001CF5D3 /* MudNavigationBar.m in Sources */ = {isa = PBXBuildFile; fileRef = 64D07707194CBAAD001CF5D3 /* MudNavigationBar.m */; };
		64D07749194CBAAD001CF5D3 /* MudNavigationViewController.m in Sources */ = {isa = PBXBuildFile; fileRef = 64D07709194CBAAD001CF5D3 /* MudNavigationViewController.m */; };
		64D0774B194CBAAD001CF5D3 /* MudPickerView.m in Sources */ = {isa = PBXBuildFile; fileRef = 64D0770B194CBAAD001CF5D3 /* MudPickerView.m */; };
		64D0774D194CBAAD001CF5D3 /* MudSearchBar.m in Sources */ = {isa = PBXBuildFile; fileRef = 64D0770D194CBAAD001CF5D3 /* MudSearchBar.m */; };
		64D07750194CBAAD001CF5D3 /* MudTableViewController.m in Sources */ = {isa = PBXBuildFile; fileRef = 64D07710194CBAAD001CF5D3 /* MudTableViewController.m */; };
		64D07752194CBAAD001CF5D3 /* MudTextView.m in Sources */ = {isa = PBXBuildFile; fileRef = 64D07712194CBAAD001CF5D3 /* MudTextView.m */; };
		64D07754194CBAAD001CF5D3 /* MudToolBar.m in Sources */ = {isa = PBXBuildFile; fileRef = 64D07714194CBAAD001CF5D3 /* MudToolBar.m */; };
		64D07756194CBAAD001CF5D3 /* MudViewController.m in Sources */ = {isa = PBXBuildFile; fileRef = 64D07716194CBAAD001CF5D3 /* MudViewController.m */; };
		64D07757194CBAAD001CF5D3 /* MudFramework.h in Headers */ = {isa = PBXBuildFile; fileRef = 64D07717194CBAAD001CF5D3 /* MudFramework.h */; settings = {ATTRIBUTES = (Public, ); }; };
		64E71D23197E4950005F6619 /* UIDevice+OpenUDID.m in Sources */ = {isa = PBXBuildFile; fileRef = 64E71D21197E4950005F6619 /* UIDevice+OpenUDID.m */; settings = {COMPILER_FLAGS = "-fno-objc-arc"; }; };
		64F525651952CE2C002018A4 /* MudItemsBar.m in Sources */ = {isa = PBXBuildFile; fileRef = 64F525631952CE2C002018A4 /* MudItemsBar.m */; };
		64F5256B1952D9A2002018A4 /* MudItemBarItem.m in Sources */ = {isa = PBXBuildFile; fileRef = 64F525691952D9A2002018A4 /* MudItemBarItem.m */; };
		64F525731953081F002018A4 /* UIView+Category.m in Sources */ = {isa = PBXBuildFile; fileRef = 64F525711953081F002018A4 /* UIView+Category.m */; };
/* End PBXBuildFile section */

/* Begin PBXFileReference section */
		64073EB2199784BD001CCE27 /* NSError+Extension.h */ = {isa = PBXFileReference; fileEncoding = 4; lastKnownFileType = sourcecode.c.h; path = "NSError+Extension.h"; sourceTree = "<group>"; };
		64073EB3199784BD001CCE27 /* NSError+Extension.m */ = {isa = PBXFileReference; fileEncoding = 4; lastKnownFileType = sourcecode.c.objc; path = "NSError+Extension.m"; sourceTree = "<group>"; };
		64279DCA19A0965800964E7B /* MudManager.h */ = {isa = PBXFileReference; fileEncoding = 4; lastKnownFileType = sourcecode.c.h; path = MudManager.h; sourceTree = "<group>"; };
		64279DCB19A0965800964E7B /* MudManager.m */ = {isa = PBXFileReference; fileEncoding = 4; lastKnownFileType = sourcecode.c.objc; path = MudManager.m; sourceTree = "<group>"; };
		64279DD019A097E400964E7B /* MudFoundationBase.h */ = {isa = PBXFileReference; lastKnownFileType = sourcecode.c.h; path = MudFoundationBase.h; sourceTree = "<group>"; };
		6462B30019E92502004125EE /* NSFileManager+Category.h */ = {isa = PBXFileReference; fileEncoding = 4; lastKnownFileType = sourcecode.c.h; path = "NSFileManager+Category.h"; sourceTree = "<group>"; };
		6462B30119E92502004125EE /* NSFileManager+Category.m */ = {isa = PBXFileReference; fileEncoding = 4; lastKnownFileType = sourcecode.c.objc; path = "NSFileManager+Category.m"; sourceTree = "<group>"; };
		647FAB7A19519767004AA067 /* MudDisplayTableViewController.h */ = {isa = PBXFileReference; fileEncoding = 4; lastKnownFileType = sourcecode.c.h; path = MudDisplayTableViewController.h; sourceTree = "<group>"; };
		647FAB7B19519767004AA067 /* MudDisplayTableViewController.m */ = {isa = PBXFileReference; fileEncoding = 4; lastKnownFileType = sourcecode.c.objc; path = MudDisplayTableViewController.m; sourceTree = "<group>"; };
		6485E562199A038C00872A73 /* NSURL+Extension.h */ = {isa = PBXFileReference; fileEncoding = 4; lastKnownFileType = sourcecode.c.h; path = "NSURL+Extension.h"; sourceTree = "<group>"; };
		6485E563199A038C00872A73 /* NSURL+Extension.m */ = {isa = PBXFileReference; fileEncoding = 4; lastKnownFileType = sourcecode.c.objc; path = "NSURL+Extension.m"; sourceTree = "<group>"; };
		64905D4F1990B946005CAD28 /* UIApplication+Extension.h */ = {isa = PBXFileReference; fileEncoding = 4; lastKnownFileType = sourcecode.c.h; path = "UIApplication+Extension.h"; sourceTree = "<group>"; };
		64905D501990B946005CAD28 /* UIApplication+Extension.m */ = {isa = PBXFileReference; fileEncoding = 4; lastKnownFileType = sourcecode.c.objc; path = "UIApplication+Extension.m"; sourceTree = "<group>"; };
		64956A6019837C0800F80A6E /* MudTabPagesView.h */ = {isa = PBXFileReference; fileEncoding = 4; lastKnownFileType = sourcecode.c.h; path = MudTabPagesView.h; sourceTree = "<group>"; };
		64956A6119837C0800F80A6E /* MudTabPagesView.m */ = {isa = PBXFileReference; fileEncoding = 4; lastKnownFileType = sourcecode.c.objc; path = MudTabPagesView.m; sourceTree = "<group>"; };
		64956A6419837D4700F80A6E /* MudTabPageBar.h */ = {isa = PBXFileReference; fileEncoding = 4; lastKnownFileType = sourcecode.c.h; path = MudTabPageBar.h; sourceTree = "<group>"; };
		64956A6519837D4700F80A6E /* MudTabPageBar.m */ = {isa = PBXFileReference; fileEncoding = 4; lastKnownFileType = sourcecode.c.objc; path = MudTabPageBar.m; sourceTree = "<group>"; };
		64956A6819837FDE00F80A6E /* MudTabPageBarItem.h */ = {isa = PBXFileReference; fileEncoding = 4; lastKnownFileType = sourcecode.c.h; path = MudTabPageBarItem.h; sourceTree = "<group>"; };
		64956A6919837FDE00F80A6E /* MudTabPageBarItem.m */ = {isa = PBXFileReference; fileEncoding = 4; lastKnownFileType = sourcecode.c.objc; path = MudTabPageBarItem.m; sourceTree = "<group>"; };
		64959F88198BE6BF00984DC9 /* UIDevice+Exension.h */ = {isa = PBXFileReference; fileEncoding = 4; lastKnownFileType = sourcecode.c.h; path = "UIDevice+Exension.h"; sourceTree = "<group>"; };
		64959F89198BE6BF00984DC9 /* UIDevice+Exension.m */ = {isa = PBXFileReference; fileEncoding = 4; lastKnownFileType = sourcecode.c.objc; path = "UIDevice+Exension.m"; sourceTree = "<group>"; };
		64D076451949C5FE001CF5D3 /* Foundation.framework */ = {isa = PBXFileReference; lastKnownFileType = wrapper.framework; name = Foundation.framework; path = System/Library/Frameworks/Foundation.framework; sourceTree = SDKROOT; };
		64D076491949C5FE001CF5D3 /* MudFramework-Prefix.pch */ = {isa = PBXFileReference; lastKnownFileType = sourcecode.c.h; path = "MudFramework-Prefix.pch"; sourceTree = "<group>"; };
		64D076521949C5FE001CF5D3 /* MudFrameworkTests.xctest */ = {isa = PBXFileReference; explicitFileType = wrapper.cfbundle; includeInIndex = 0; path = MudFrameworkTests.xctest; sourceTree = BUILT_PRODUCTS_DIR; };
		64D0765D1949C5FE001CF5D3 /* MudFrameworkTests-Info.plist */ = {isa = PBXFileReference; lastKnownFileType = text.plist.xml; path = "MudFrameworkTests-Info.plist"; sourceTree = "<group>"; };
		64D0765F1949C5FE001CF5D3 /* en */ = {isa = PBXFileReference; lastKnownFileType = text.plist.strings; name = en; path = en.lproj/InfoPlist.strings; sourceTree = "<group>"; };
		64D076611949C5FE001CF5D3 /* MudFrameworkTests.m */ = {isa = PBXFileReference; lastKnownFileType = sourcecode.c.objc; path = MudFrameworkTests.m; sourceTree = "<group>"; };
		64D0766F1949C62F001CF5D3 /* MudFramework.framework */ = {isa = PBXFileReference; explicitFileType = wrapper.cfbundle; includeInIndex = 0; path = MudFramework.framework; sourceTree = BUILT_PRODUCTS_DIR; };
		64D076741949C62F001CF5D3 /* MudFramework-Info.plist */ = {isa = PBXFileReference; lastKnownFileType = text.plist.xml; path = "MudFramework-Info.plist"; sourceTree = "<group>"; };
		64D076D3194CBAAD001CF5D3 /* MudFoundationCategory.h */ = {isa = PBXFileReference; fileEncoding = 4; lastKnownFileType = sourcecode.c.h; path = MudFoundationCategory.h; sourceTree = "<group>"; };
		64D076D4194CBAAD001CF5D3 /* NSArray+Extension.h */ = {isa = PBXFileReference; fileEncoding = 4; lastKnownFileType = sourcecode.c.h; path = "NSArray+Extension.h"; sourceTree = "<group>"; };
		64D076D5194CBAAD001CF5D3 /* NSArray+Extension.m */ = {isa = PBXFileReference; fileEncoding = 4; lastKnownFileType = sourcecode.c.objc; path = "NSArray+Extension.m"; sourceTree = "<group>"; };
		64D076D6194CBAAD001CF5D3 /* NSDate+Conversion.h */ = {isa = PBXFileReference; fileEncoding = 4; lastKnownFileType = sourcecode.c.h; path = "NSDate+Conversion.h"; sourceTree = "<group>"; };
		64D076D7194CBAAD001CF5D3 /* NSDate+Conversion.m */ = {isa = PBXFileReference; fileEncoding = 4; lastKnownFileType = sourcecode.c.objc; path = "NSDate+Conversion.m"; sourceTree = "<group>"; };
		64D076D8194CBAAD001CF5D3 /* NSDictionary+Extension.h */ = {isa = PBXFileReference; fileEncoding = 4; lastKnownFileType = sourcecode.c.h; path = "NSDictionary+Extension.h"; sourceTree = "<group>"; };
		64D076D9194CBAAD001CF5D3 /* NSDictionary+Extension.m */ = {isa = PBXFileReference; fileEncoding = 4; lastKnownFileType = sourcecode.c.objc; path = "NSDictionary+Extension.m"; sourceTree = "<group>"; };
		64D076DA194CBAAD001CF5D3 /* NSString+Conversion.h */ = {isa = PBXFileReference; fileEncoding = 4; lastKnownFileType = sourcecode.c.h; path = "NSString+Conversion.h"; sourceTree = "<group>"; };
		64D076DB194CBAAD001CF5D3 /* NSString+Conversion.m */ = {isa = PBXFileReference; fileEncoding = 4; lastKnownFileType = sourcecode.c.objc; path = "NSString+Conversion.m"; sourceTree = "<group>"; };
		64D076DD194CBAAD001CF5D3 /* FirstResponderDelegate.h */ = {isa = PBXFileReference; fileEncoding = 4; lastKnownFileType = sourcecode.c.h; path = FirstResponderDelegate.h; sourceTree = "<group>"; };
		64D076DE194CBAAD001CF5D3 /* MudFoundationProtocol.h */ = {isa = PBXFileReference; fileEncoding = 4; lastKnownFileType = sourcecode.c.h; path = MudFoundationProtocol.h; sourceTree = "<group>"; };
		64D076E0194CBAAD001CF5D3 /* MudFoundationSubclass.h */ = {isa = PBXFileReference; fileEncoding = 4; lastKnownFileType = sourcecode.c.h; path = MudFoundationSubclass.h; sourceTree = "<group>"; };
		64D076E1194CBAAD001CF5D3 /* MudMutableArray.h */ = {isa = PBXFileReference; fileEncoding = 4; lastKnownFileType = sourcecode.c.h; path = MudMutableArray.h; sourceTree = "<group>"; };
		64D076E2194CBAAD001CF5D3 /* MudMutableArray.m */ = {isa = PBXFileReference; fileEncoding = 4; lastKnownFileType = sourcecode.c.objc; path = MudMutableArray.m; sourceTree = "<group>"; };
		64D076E3194CBAAD001CF5D3 /* MudFoundation.h */ = {isa = PBXFileReference; fileEncoding = 4; lastKnownFileType = sourcecode.c.h; path = MudFoundation.h; sourceTree = "<group>"; };
		64D076E5194CBAAD001CF5D3 /* MudRequest.h */ = {isa = PBXFileReference; fileEncoding = 4; lastKnownFileType = sourcecode.c.h; path = MudRequest.h; sourceTree = "<group>"; };
		64D076E6194CBAAD001CF5D3 /* MudRequest.m */ = {isa = PBXFileReference; fileEncoding = 4; lastKnownFileType = sourcecode.c.objc; path = MudRequest.m; sourceTree = "<group>"; };
		64D076E7194CBAAD001CF5D3 /* MudRequestBase.h */ = {isa = PBXFileReference; fileEncoding = 4; lastKnownFileType = sourcecode.c.h; path = MudRequestBase.h; sourceTree = "<group>"; };
		64D076E8194CBAAD001CF5D3 /* MudRequestBase.m */ = {isa = PBXFileReference; fileEncoding = 4; lastKnownFileType = sourcecode.c.objc; path = MudRequestBase.m; sourceTree = "<group>"; };
		64D076E9194CBAAD001CF5D3 /* MudRequestHeader.h */ = {isa = PBXFileReference; fileEncoding = 4; lastKnownFileType = sourcecode.c.h; path = MudRequestHeader.h; sourceTree = "<group>"; };
		64D076EB194CBAAD001CF5D3 /* MudUIKit.h */ = {isa = PBXFileReference; fileEncoding = 4; lastKnownFileType = sourcecode.c.h; path = MudUIKit.h; sourceTree = "<group>"; };
		64D076EC194CBAAD001CF5D3 /* MudUIkitDefines.h */ = {isa = PBXFileReference; fileEncoding = 4; lastKnownFileType = sourcecode.c.h; path = MudUIkitDefines.h; sourceTree = "<group>"; };
		64D076EE194CBAAD001CF5D3 /* MudCategory.h */ = {isa = PBXFileReference; fileEncoding = 4; lastKnownFileType = sourcecode.c.h; path = MudCategory.h; sourceTree = "<group>"; };
		64D076EF194CBAAD001CF5D3 /* UIBarButtonItem+Extension.h */ = {isa = PBXFileReference; fileEncoding = 4; lastKnownFileType = sourcecode.c.h; path = "UIBarButtonItem+Extension.h"; sourceTree = "<group>"; };
		64D076F0194CBAAD001CF5D3 /* UIBarButtonItem+Extension.m */ = {isa = PBXFileReference; fileEncoding = 4; lastKnownFileType = sourcecode.c.objc; path = "UIBarButtonItem+Extension.m"; sourceTree = "<group>"; };
		64D076F1194CBAAD001CF5D3 /* UIColor+Extension.h */ = {isa = PBXFileReference; fileEncoding = 4; lastKnownFileType = sourcecode.c.h; path = "UIColor+Extension.h"; sourceTree = "<group>"; };
		64D076F2194CBAAD001CF5D3 /* UIColor+Extension.m */ = {isa = PBXFileReference; fileEncoding = 4; lastKnownFileType = sourcecode.c.objc; path = "UIColor+Extension.m"; sourceTree = "<group>"; };
		64D076F3194CBAAD001CF5D3 /* UIImage+Resize.h */ = {isa = PBXFileReference; fileEncoding = 4; lastKnownFileType = sourcecode.c.h; path = "UIImage+Resize.h"; sourceTree = "<group>"; };
		64D076F4194CBAAD001CF5D3 /* UIImage+Resize.m */ = {isa = PBXFileReference; fileEncoding = 4; lastKnownFileType = sourcecode.c.objc; path = "UIImage+Resize.m"; sourceTree = "<group>"; };
		64D076F5194CBAAD001CF5D3 /* UITableViewCell+Exension.h */ = {isa = PBXFileReference; fileEncoding = 4; lastKnownFileType = sourcecode.c.h; path = "UITableViewCell+Exension.h"; sourceTree = "<group>"; };
		64D076F6194CBAAD001CF5D3 /* UITableViewCell+Exension.m */ = {isa = PBXFileReference; fileEncoding = 4; lastKnownFileType = sourcecode.c.objc; path = "UITableViewCell+Exension.m"; sourceTree = "<group>"; };
		64D076F7194CBAAD001CF5D3 /* UITableViewHeaderFooterView+Extension.h */ = {isa = PBXFileReference; fileEncoding = 4; lastKnownFileType = sourcecode.c.h; path = "UITableViewHeaderFooterView+Extension.h"; sourceTree = "<group>"; };
		64D076F8194CBAAD001CF5D3 /* UITableViewHeaderFooterView+Extension.m */ = {isa = PBXFileReference; fileEncoding = 4; lastKnownFileType = sourcecode.c.objc; path = "UITableViewHeaderFooterView+Extension.m"; sourceTree = "<group>"; };
		64D076F9194CBAAD001CF5D3 /* UIView+Toast.h */ = {isa = PBXFileReference; fileEncoding = 4; lastKnownFileType = sourcecode.c.h; path = "UIView+Toast.h"; sourceTree = "<group>"; };
		64D076FA194CBAAD001CF5D3 /* UIView+Toast.m */ = {isa = PBXFileReference; fileEncoding = 4; lastKnownFileType = sourcecode.c.objc; path = "UIView+Toast.m"; sourceTree = "<group>"; };
		64D076FC194CBAAD001CF5D3 /* MudCustomUI.h */ = {isa = PBXFileReference; fileEncoding = 4; lastKnownFileType = sourcecode.c.h; path = MudCustomUI.h; sourceTree = "<group>"; };
		64D076FD194CBAAD001CF5D3 /* MudNavigationBarMenuView.h */ = {isa = PBXFileReference; fileEncoding = 4; lastKnownFileType = sourcecode.c.h; path = MudNavigationBarMenuView.h; sourceTree = "<group>"; };
		64D076FE194CBAAD001CF5D3 /* MudNavigationBarMenuView.m */ = {isa = PBXFileReference; fileEncoding = 4; lastKnownFileType = sourcecode.c.objc; path = MudNavigationBarMenuView.m; sourceTree = "<group>"; };
		64D076FF194CBAAD001CF5D3 /* MudPickerTextField.h */ = {isa = PBXFileReference; fileEncoding = 4; lastKnownFileType = sourcecode.c.h; path = MudPickerTextField.h; sourceTree = "<group>"; };
		64D07700194CBAAD001CF5D3 /* MudPickerTextField.m */ = {isa = PBXFileReference; fileEncoding = 4; lastKnownFileType = sourcecode.c.objc; path = MudPickerTextField.m; sourceTree = "<group>"; };
		64D07701194CBAAD001CF5D3 /* MudStarView.h */ = {isa = PBXFileReference; fileEncoding = 4; lastKnownFileType = sourcecode.c.h; path = MudStarView.h; sourceTree = "<group>"; };
		64D07702194CBAAD001CF5D3 /* MudStarView.m */ = {isa = PBXFileReference; fileEncoding = 4; lastKnownFileType = sourcecode.c.objc; path = MudStarView.m; sourceTree = "<group>"; };
		64D07704194CBAAD001CF5D3 /* MudAlertView.h */ = {isa = PBXFileReference; fileEncoding = 4; lastKnownFileType = sourcecode.c.h; path = MudAlertView.h; sourceTree = "<group>"; };
		64D07705194CBAAD001CF5D3 /* MudAlertView.m */ = {isa = PBXFileReference; fileEncoding = 4; lastKnownFileType = sourcecode.c.objc; path = MudAlertView.m; sourceTree = "<group>"; };
		64D07706194CBAAD001CF5D3 /* MudNavigationBar.h */ = {isa = PBXFileReference; fileEncoding = 4; lastKnownFileType = sourcecode.c.h; path = MudNavigationBar.h; sourceTree = "<group>"; };
		64D07707194CBAAD001CF5D3 /* MudNavigationBar.m */ = {isa = PBXFileReference; fileEncoding = 4; lastKnownFileType = sourcecode.c.objc; path = MudNavigationBar.m; sourceTree = "<group>"; };
		64D07708194CBAAD001CF5D3 /* MudNavigationViewController.h */ = {isa = PBXFileReference; fileEncoding = 4; lastKnownFileType = sourcecode.c.h; path = MudNavigationViewController.h; sourceTree = "<group>"; };
		64D07709194CBAAD001CF5D3 /* MudNavigationViewController.m */ = {isa = PBXFileReference; fileEncoding = 4; lastKnownFileType = sourcecode.c.objc; path = MudNavigationViewController.m; sourceTree = "<group>"; };
		64D0770A194CBAAD001CF5D3 /* MudPickerView.h */ = {isa = PBXFileReference; fileEncoding = 4; lastKnownFileType = sourcecode.c.h; path = MudPickerView.h; sourceTree = "<group>"; };
		64D0770B194CBAAD001CF5D3 /* MudPickerView.m */ = {isa = PBXFileReference; fileEncoding = 4; lastKnownFileType = sourcecode.c.objc; path = MudPickerView.m; sourceTree = "<group>"; };
		64D0770C194CBAAD001CF5D3 /* MudSearchBar.h */ = {isa = PBXFileReference; fileEncoding = 4; lastKnownFileType = sourcecode.c.h; path = MudSearchBar.h; sourceTree = "<group>"; };
		64D0770D194CBAAD001CF5D3 /* MudSearchBar.m */ = {isa = PBXFileReference; fileEncoding = 4; lastKnownFileType = sourcecode.c.objc; path = MudSearchBar.m; sourceTree = "<group>"; };
		64D0770E194CBAAD001CF5D3 /* MudSubClass.h */ = {isa = PBXFileReference; fileEncoding = 4; lastKnownFileType = sourcecode.c.h; path = MudSubClass.h; sourceTree = "<group>"; };
		64D0770F194CBAAD001CF5D3 /* MudTableViewController.h */ = {isa = PBXFileReference; fileEncoding = 4; lastKnownFileType = sourcecode.c.h; path = MudTableViewController.h; sourceTree = "<group>"; };
		64D07710194CBAAD001CF5D3 /* MudTableViewController.m */ = {isa = PBXFileReference; fileEncoding = 4; lastKnownFileType = sourcecode.c.objc; path = MudTableViewController.m; sourceTree = "<group>"; };
		64D07711194CBAAD001CF5D3 /* MudTextView.h */ = {isa = PBXFileReference; fileEncoding = 4; lastKnownFileType = sourcecode.c.h; path = MudTextView.h; sourceTree = "<group>"; };
		64D07712194CBAAD001CF5D3 /* MudTextView.m */ = {isa = PBXFileReference; fileEncoding = 4; lastKnownFileType = sourcecode.c.objc; path = MudTextView.m; sourceTree = "<group>"; };
		64D07713194CBAAD001CF5D3 /* MudToolBar.h */ = {isa = PBXFileReference; fileEncoding = 4; lastKnownFileType = sourcecode.c.h; path = MudToolBar.h; sourceTree = "<group>"; };
		64D07714194CBAAD001CF5D3 /* MudToolBar.m */ = {isa = PBXFileReference; fileEncoding = 4; lastKnownFileType = sourcecode.c.objc; path = MudToolBar.m; sourceTree = "<group>"; };
		64D07715194CBAAD001CF5D3 /* MudViewController.h */ = {isa = PBXFileReference; fileEncoding = 4; lastKnownFileType = sourcecode.c.h; path = MudViewController.h; sourceTree = "<group>"; };
		64D07716194CBAAD001CF5D3 /* MudViewController.m */ = {isa = PBXFileReference; fileEncoding = 4; lastKnownFileType = sourcecode.c.objc; path = MudViewController.m; sourceTree = "<group>"; };
		64D07717194CBAAD001CF5D3 /* MudFramework.h */ = {isa = PBXFileReference; fileEncoding = 4; lastKnownFileType = sourcecode.c.h; path = MudFramework.h; sourceTree = "<group>"; };
		64D07719194CBAAD001CF5D3 /* CommonMacro.h */ = {isa = PBXFileReference; fileEncoding = 4; lastKnownFileType = sourcecode.c.h; path = CommonMacro.h; sourceTree = "<group>"; };
		64E71D20197E4950005F6619 /* UIDevice+OpenUDID.h */ = {isa = PBXFileReference; fileEncoding = 4; lastKnownFileType = sourcecode.c.h; path = "UIDevice+OpenUDID.h"; sourceTree = "<group>"; };
		64E71D21197E4950005F6619 /* UIDevice+OpenUDID.m */ = {isa = PBXFileReference; fileEncoding = 4; lastKnownFileType = sourcecode.c.objc; path = "UIDevice+OpenUDID.m"; sourceTree = "<group>"; };
		64F525621952CE2C002018A4 /* MudItemsBar.h */ = {isa = PBXFileReference; fileEncoding = 4; lastKnownFileType = sourcecode.c.h; path = MudItemsBar.h; sourceTree = "<group>"; };
		64F525631952CE2C002018A4 /* MudItemsBar.m */ = {isa = PBXFileReference; fileEncoding = 4; lastKnownFileType = sourcecode.c.objc; path = MudItemsBar.m; sourceTree = "<group>"; };
		64F525681952D9A2002018A4 /* MudItemBarItem.h */ = {isa = PBXFileReference; fileEncoding = 4; lastKnownFileType = sourcecode.c.h; path = MudItemBarItem.h; sourceTree = "<group>"; };
		64F525691952D9A2002018A4 /* MudItemBarItem.m */ = {isa = PBXFileReference; fileEncoding = 4; lastKnownFileType = sourcecode.c.objc; path = MudItemBarItem.m; sourceTree = "<group>"; };
		64F525701953081F002018A4 /* UIView+Category.h */ = {isa = PBXFileReference; fileEncoding = 4; lastKnownFileType = sourcecode.c.h; path = "UIView+Category.h"; sourceTree = "<group>"; };
		64F525711953081F002018A4 /* UIView+Category.m */ = {isa = PBXFileReference; fileEncoding = 4; lastKnownFileType = sourcecode.c.objc; path = "UIView+Category.m"; sourceTree = "<group>"; };
/* End PBXFileReference section */

/* Begin PBXFrameworksBuildPhase section */
		64D0764F1949C5FE001CF5D3 /* Frameworks */ = {
			isa = PBXFrameworksBuildPhase;
			buildActionMask = 2147483647;
			files = (
				64D076551949C5FE001CF5D3 /* Foundation.framework in Frameworks */,
			);
			runOnlyForDeploymentPostprocessing = 0;
		};
		64D0766C1949C62F001CF5D3 /* Frameworks */ = {
			isa = PBXFrameworksBuildPhase;
			buildActionMask = 2147483647;
			files = (
			);
			runOnlyForDeploymentPostprocessing = 0;
		};
/* End PBXFrameworksBuildPhase section */

/* Begin PBXGroup section */
		64279DC919A0963F00964E7B /* Foundation Base */ = {
			isa = PBXGroup;
			children = (
				64279DCA19A0965800964E7B /* MudManager.h */,
				64279DCB19A0965800964E7B /* MudManager.m */,
				64279DD019A097E400964E7B /* MudFoundationBase.h */,
			);
			path = "Foundation Base";
			sourceTree = "<group>";
		};
		64D076391949C5FE001CF5D3 = {
			isa = PBXGroup;
			children = (
				64D076471949C5FE001CF5D3 /* MudFramework */,
				64D0765B1949C5FE001CF5D3 /* MudFrameworkTests */,
				64D076441949C5FE001CF5D3 /* Frameworks */,
				64D076431949C5FE001CF5D3 /* Products */,
			);
			sourceTree = "<group>";
		};
		64D076431949C5FE001CF5D3 /* Products */ = {
			isa = PBXGroup;
			children = (
				64D076521949C5FE001CF5D3 /* MudFrameworkTests.xctest */,
				64D0766F1949C62F001CF5D3 /* MudFramework.framework */,
			);
			name = Products;
			sourceTree = "<group>";
		};
		64D076441949C5FE001CF5D3 /* Frameworks */ = {
			isa = PBXGroup;
			children = (
				64D076451949C5FE001CF5D3 /* Foundation.framework */,
			);
			name = Frameworks;
			sourceTree = "<group>";
		};
		64D076471949C5FE001CF5D3 /* MudFramework */ = {
			isa = PBXGroup;
			children = (
				64D07717194CBAAD001CF5D3 /* MudFramework.h */,
				64D076D1194CBAAD001CF5D3 /* Mud Foundation */,
				64D076E4194CBAAD001CF5D3 /* Mud Request */,
				64D076EA194CBAAD001CF5D3 /* Mud UIKit */,
				64D07718194CBAAD001CF5D3 /* MudMacro */,
				64D076481949C5FE001CF5D3 /* Supporting Files */,
			);
			path = MudFramework;
			sourceTree = "<group>";
		};
		64D076481949C5FE001CF5D3 /* Supporting Files */ = {
			isa = PBXGroup;
			children = (
				64D076741949C62F001CF5D3 /* MudFramework-Info.plist */,
				64D076491949C5FE001CF5D3 /* MudFramework-Prefix.pch */,
			);
			name = "Supporting Files";
			sourceTree = "<group>";
		};
		64D0765B1949C5FE001CF5D3 /* MudFrameworkTests */ = {
			isa = PBXGroup;
			children = (
				64D076611949C5FE001CF5D3 /* MudFrameworkTests.m */,
				64D0765C1949C5FE001CF5D3 /* Supporting Files */,
			);
			path = MudFrameworkTests;
			sourceTree = "<group>";
		};
		64D0765C1949C5FE001CF5D3 /* Supporting Files */ = {
			isa = PBXGroup;
			children = (
				64D0765D1949C5FE001CF5D3 /* MudFrameworkTests-Info.plist */,
				64D0765E1949C5FE001CF5D3 /* InfoPlist.strings */,
			);
			name = "Supporting Files";
			sourceTree = "<group>";
		};
		64D076D1194CBAAD001CF5D3 /* Mud Foundation */ = {
			isa = PBXGroup;
			children = (
				64279DC919A0963F00964E7B /* Foundation Base */,
				64D076D2194CBAAD001CF5D3 /* Foundation Category */,
				64D076DC194CBAAD001CF5D3 /* Foundation Protocol */,
				64D076DF194CBAAD001CF5D3 /* Foundation SubClass */,
				64D076E3194CBAAD001CF5D3 /* MudFoundation.h */,
			);
			path = "Mud Foundation";
			sourceTree = "<group>";
		};
		64D076D2194CBAAD001CF5D3 /* Foundation Category */ = {
			isa = PBXGroup;
			children = (
				64D076D3194CBAAD001CF5D3 /* MudFoundationCategory.h */,
				64D076D4194CBAAD001CF5D3 /* NSArray+Extension.h */,
				64D076D5194CBAAD001CF5D3 /* NSArray+Extension.m */,
				64D076D6194CBAAD001CF5D3 /* NSDate+Conversion.h */,
				64D076D7194CBAAD001CF5D3 /* NSDate+Conversion.m */,
				64D076D8194CBAAD001CF5D3 /* NSDictionary+Extension.h */,
				64D076D9194CBAAD001CF5D3 /* NSDictionary+Extension.m */,
				64D076DA194CBAAD001CF5D3 /* NSString+Conversion.h */,
				64D076DB194CBAAD001CF5D3 /* NSString+Conversion.m */,
				64073EB2199784BD001CCE27 /* NSError+Extension.h */,
				64073EB3199784BD001CCE27 /* NSError+Extension.m */,
				6485E562199A038C00872A73 /* NSURL+Extension.h */,
				6485E563199A038C00872A73 /* NSURL+Extension.m */,
				6462B30019E92502004125EE /* NSFileManager+Category.h */,
				6462B30119E92502004125EE /* NSFileManager+Category.m */,
			);
			path = "Foundation Category";
			sourceTree = "<group>";
		};
		64D076DC194CBAAD001CF5D3 /* Foundation Protocol */ = {
			isa = PBXGroup;
			children = (
				64D076DD194CBAAD001CF5D3 /* FirstResponderDelegate.h */,
				64D076DE194CBAAD001CF5D3 /* MudFoundationProtocol.h */,
			);
			path = "Foundation Protocol";
			sourceTree = "<group>";
		};
		64D076DF194CBAAD001CF5D3 /* Foundation SubClass */ = {
			isa = PBXGroup;
			children = (
				64D076E0194CBAAD001CF5D3 /* MudFoundationSubclass.h */,
				64D076E1194CBAAD001CF5D3 /* MudMutableArray.h */,
				64D076E2194CBAAD001CF5D3 /* MudMutableArray.m */,
			);
			path = "Foundation SubClass";
			sourceTree = "<group>";
		};
		64D076E4194CBAAD001CF5D3 /* Mud Request */ = {
			isa = PBXGroup;
			children = (
				64D076E5194CBAAD001CF5D3 /* MudRequest.h */,
				64D076E6194CBAAD001CF5D3 /* MudRequest.m */,
				64D076E7194CBAAD001CF5D3 /* MudRequestBase.h */,
				64D076E8194CBAAD001CF5D3 /* MudRequestBase.m */,
				64D076E9194CBAAD001CF5D3 /* MudRequestHeader.h */,
			);
			path = "Mud Request";
			sourceTree = "<group>";
		};
		64D076EA194CBAAD001CF5D3 /* Mud UIKit */ = {
			isa = PBXGroup;
			children = (
				64D076EB194CBAAD001CF5D3 /* MudUIKit.h */,
				64D076EC194CBAAD001CF5D3 /* MudUIkitDefines.h */,
				64D076ED194CBAAD001CF5D3 /* UI Category */,
				64D076FB194CBAAD001CF5D3 /* UI Custom */,
				64D07703194CBAAD001CF5D3 /* UI SubClass */,
			);
			path = "Mud UIKit";
			sourceTree = "<group>";
		};
		64D076ED194CBAAD001CF5D3 /* UI Category */ = {
			isa = PBXGroup;
			children = (
				64D076EE194CBAAD001CF5D3 /* MudCategory.h */,
				64F525701953081F002018A4 /* UIView+Category.h */,
				64F525711953081F002018A4 /* UIView+Category.m */,
				64D076EF194CBAAD001CF5D3 /* UIBarButtonItem+Extension.h */,
				64D076F0194CBAAD001CF5D3 /* UIBarButtonItem+Extension.m */,
				64D076F1194CBAAD001CF5D3 /* UIColor+Extension.h */,
				64D076F2194CBAAD001CF5D3 /* UIColor+Extension.m */,
				64D076F3194CBAAD001CF5D3 /* UIImage+Resize.h */,
				64D076F4194CBAAD001CF5D3 /* UIImage+Resize.m */,
				64D076F5194CBAAD001CF5D3 /* UITableViewCell+Exension.h */,
				64D076F6194CBAAD001CF5D3 /* UITableViewCell+Exension.m */,
				64D076F7194CBAAD001CF5D3 /* UITableViewHeaderFooterView+Extension.h */,
				64D076F8194CBAAD001CF5D3 /* UITableViewHeaderFooterView+Extension.m */,
				64D076F9194CBAAD001CF5D3 /* UIView+Toast.h */,
				64D076FA194CBAAD001CF5D3 /* UIView+Toast.m */,
				64E71D20197E4950005F6619 /* UIDevice+OpenUDID.h */,
				64959F88198BE6BF00984DC9 /* UIDevice+Exension.h */,
				64959F89198BE6BF00984DC9 /* UIDevice+Exension.m */,
				64E71D21197E4950005F6619 /* UIDevice+OpenUDID.m */,
				64905D4F1990B946005CAD28 /* UIApplication+Extension.h */,
				64905D501990B946005CAD28 /* UIApplication+Extension.m */,
			);
			path = "UI Category";
			sourceTree = "<group>";
		};
		64D076FB194CBAAD001CF5D3 /* UI Custom */ = {
			isa = PBXGroup;
			children = (
				64D076FC194CBAAD001CF5D3 /* MudCustomUI.h */,
				64D076FD194CBAAD001CF5D3 /* MudNavigationBarMenuView.h */,
				64D076FE194CBAAD001CF5D3 /* MudNavigationBarMenuView.m */,
				64D076FF194CBAAD001CF5D3 /* MudPickerTextField.h */,
				64D07700194CBAAD001CF5D3 /* MudPickerTextField.m */,
				64D07701194CBAAD001CF5D3 /* MudStarView.h */,
				64D07702194CBAAD001CF5D3 /* MudStarView.m */,
				647FAB7A19519767004AA067 /* MudDisplayTableViewController.h */,
				647FAB7B19519767004AA067 /* MudDisplayTableViewController.m */,
				64F525621952CE2C002018A4 /* MudItemsBar.h */,
				64F525631952CE2C002018A4 /* MudItemsBar.m */,
				64F525681952D9A2002018A4 /* MudItemBarItem.h */,
				64F525691952D9A2002018A4 /* MudItemBarItem.m */,
			);
			path = "UI Custom";
			sourceTree = "<group>";
		};
		64D07703194CBAAD001CF5D3 /* UI SubClass */ = {
			isa = PBXGroup;
			children = (
				64D07704194CBAAD001CF5D3 /* MudAlertView.h */,
				64D07705194CBAAD001CF5D3 /* MudAlertView.m */,
				64D07706194CBAAD001CF5D3 /* MudNavigationBar.h */,
				64D07707194CBAAD001CF5D3 /* MudNavigationBar.m */,
				64D07708194CBAAD001CF5D3 /* MudNavigationViewController.h */,
				64D07709194CBAAD001CF5D3 /* MudNavigationViewController.m */,
				64D0770A194CBAAD001CF5D3 /* MudPickerView.h */,
				64D0770B194CBAAD001CF5D3 /* MudPickerView.m */,
				64D0770C194CBAAD001CF5D3 /* MudSearchBar.h */,
				64D0770D194CBAAD001CF5D3 /* MudSearchBar.m */,
				64D0770E194CBAAD001CF5D3 /* MudSubClass.h */,
				64D0770F194CBAAD001CF5D3 /* MudTableViewController.h */,
				64D07710194CBAAD001CF5D3 /* MudTableViewController.m */,
				64D07711194CBAAD001CF5D3 /* MudTextView.h */,
				64D07712194CBAAD001CF5D3 /* MudTextView.m */,
				64D07713194CBAAD001CF5D3 /* MudToolBar.h */,
				64D07714194CBAAD001CF5D3 /* MudToolBar.m */,
				64D07715194CBAAD001CF5D3 /* MudViewController.h */,
				64D07716194CBAAD001CF5D3 /* MudViewController.m */,
				64956A6019837C0800F80A6E /* MudTabPagesView.h */,
				64956A6119837C0800F80A6E /* MudTabPagesView.m */,
				64956A6419837D4700F80A6E /* MudTabPageBar.h */,
				64956A6519837D4700F80A6E /* MudTabPageBar.m */,
				64956A6819837FDE00F80A6E /* MudTabPageBarItem.h */,
				64956A6919837FDE00F80A6E /* MudTabPageBarItem.m */,
			);
			path = "UI SubClass";
			sourceTree = "<group>";
		};
		64D07718194CBAAD001CF5D3 /* MudMacro */ = {
			isa = PBXGroup;
			children = (
				64D07719194CBAAD001CF5D3 /* CommonMacro.h */,
			);
			path = MudMacro;
			sourceTree = "<group>";
		};
/* End PBXGroup section */

/* Begin PBXHeadersBuildPhase section */
		64D076AE1949C9A2001CF5D3 /* Headers */ = {
			isa = PBXHeadersBuildPhase;
			buildActionMask = 2147483647;
			files = (
				64D07757194CBAAD001CF5D3 /* MudFramework.h in Headers */,
			);
			runOnlyForDeploymentPostprocessing = 0;
		};
/* End PBXHeadersBuildPhase section */

/* Begin PBXNativeTarget section */
		64D076511949C5FE001CF5D3 /* MudFrameworkTests */ = {
			isa = PBXNativeTarget;
			buildConfigurationList = 64D076681949C5FE001CF5D3 /* Build configuration list for PBXNativeTarget "MudFrameworkTests" */;
			buildPhases = (
				64D0764E1949C5FE001CF5D3 /* Sources */,
				64D0764F1949C5FE001CF5D3 /* Frameworks */,
				64D076501949C5FE001CF5D3 /* Resources */,
			);
			buildRules = (
			);
			dependencies = (
			);
			name = MudFrameworkTests;
			productName = MudFrameworkTests;
			productReference = 64D076521949C5FE001CF5D3 /* MudFrameworkTests.xctest */;
			productType = "com.apple.product-type.bundle.unit-test";
		};
		64D0766E1949C62F001CF5D3 /* MudFramework */ = {
			isa = PBXNativeTarget;
			buildConfigurationList = 64D076791949C62F001CF5D3 /* Build configuration list for PBXNativeTarget "MudFramework" */;
			buildPhases = (
				64D0766B1949C62F001CF5D3 /* Sources */,
				64D0766C1949C62F001CF5D3 /* Frameworks */,
				64D0766D1949C62F001CF5D3 /* Resources */,
				64D076AE1949C9A2001CF5D3 /* Headers */,
			);
			buildRules = (
			);
			dependencies = (
			);
			name = MudFramework;
			productName = MudFramework;
			productReference = 64D0766F1949C62F001CF5D3 /* MudFramework.framework */;
			productType = "com.apple.product-type.bundle";
		};
/* End PBXNativeTarget section */

/* Begin PBXProject section */
		64D0763A1949C5FE001CF5D3 /* Project object */ = {
			isa = PBXProject;
			attributes = {
				LastUpgradeCheck = 0510;
				ORGANIZATIONNAME = Mudmen;
			};
			buildConfigurationList = 64D0763D1949C5FE001CF5D3 /* Build configuration list for PBXProject "MudFramework" */;
			compatibilityVersion = "Xcode 3.2";
			developmentRegion = English;
			hasScannedForEncodings = 0;
			knownRegions = (
				en,
			);
			mainGroup = 64D076391949C5FE001CF5D3;
			productRefGroup = 64D076431949C5FE001CF5D3 /* Products */;
			projectDirPath = "";
			projectRoot = "";
			targets = (
				64D076511949C5FE001CF5D3 /* MudFrameworkTests */,
				64D0766E1949C62F001CF5D3 /* MudFramework */,
			);
		};
/* End PBXProject section */

/* Begin PBXResourcesBuildPhase section */
		64D076501949C5FE001CF5D3 /* Resources */ = {
			isa = PBXResourcesBuildPhase;
			buildActionMask = 2147483647;
			files = (
				64D076601949C5FE001CF5D3 /* InfoPlist.strings in Resources */,
			);
			runOnlyForDeploymentPostprocessing = 0;
		};
		64D0766D1949C62F001CF5D3 /* Resources */ = {
			isa = PBXResourcesBuildPhase;
			buildActionMask = 2147483647;
			files = (
			);
			runOnlyForDeploymentPostprocessing = 0;
		};
/* End PBXResourcesBuildPhase section */

/* Begin PBXSourcesBuildPhase section */
		64D0764E1949C5FE001CF5D3 /* Sources */ = {
			isa = PBXSourcesBuildPhase;
			buildActionMask = 2147483647;
			files = (
				64D076621949C5FE001CF5D3 /* MudFrameworkTests.m in Sources */,
			);
			runOnlyForDeploymentPostprocessing = 0;
		};
		64D0766B1949C62F001CF5D3 /* Sources */ = {
			isa = PBXSourcesBuildPhase;
			buildActionMask = 2147483647;
			files = (
				64D07738194CBAAD001CF5D3 /* UITableViewCell+Exension.m in Sources */,
				64E71D23197E4950005F6619 /* UIDevice+OpenUDID.m in Sources */,
				64D0771E194CBAAD001CF5D3 /* NSDate+Conversion.m in Sources */,
				64D0773A194CBAAD001CF5D3 /* UITableViewHeaderFooterView+Extension.m in Sources */,
				64D07743194CBAAD001CF5D3 /* MudStarView.m in Sources */,
				64905D521990B946005CAD28 /* UIApplication+Extension.m in Sources */,
				64D0772C194CBAAD001CF5D3 /* MudRequestBase.m in Sources */,
				64D0773F194CBAAD001CF5D3 /* MudNavigationBarMenuView.m in Sources */,
				64D07722194CBAAD001CF5D3 /* NSString+Conversion.m in Sources */,
				64D0771C194CBAAD001CF5D3 /* NSArray+Extension.m in Sources */,
				64D07756194CBAAD001CF5D3 /* MudViewController.m in Sources */,
				64D07754194CBAAD001CF5D3 /* MudToolBar.m in Sources */,
				64D07752194CBAAD001CF5D3 /* MudTextView.m in Sources */,
				647FAB7D19519767004AA067 /* MudDisplayTableViewController.m in Sources */,
				64D07750194CBAAD001CF5D3 /* MudTableViewController.m in Sources */,
				64F525651952CE2C002018A4 /* MudItemsBar.m in Sources */,
				6462B30319E92502004125EE /* NSFileManager+Category.m in Sources */,
				64956A6319837C0800F80A6E /* MudTabPagesView.m in Sources */,
				64073EB5199784BD001CCE27 /* NSError+Extension.m in Sources */,
				64D07734194CBAAD001CF5D3 /* UIColor+Extension.m in Sources */,
				64D07732194CBAAD001CF5D3 /* UIBarButtonItem+Extension.m in Sources */,
				64D0773C194CBAAD001CF5D3 /* UIView+Toast.m in Sources */,
				64D07720194CBAAD001CF5D3 /* NSDictionary+Extension.m in Sources */,
				64D07747194CBAAD001CF5D3 /* MudNavigationBar.m in Sources */,
				64D07741194CBAAD001CF5D3 /* MudPickerTextField.m in Sources */,
				64F5256B1952D9A2002018A4 /* MudItemBarItem.m in Sources */,
				64D0774D194CBAAD001CF5D3 /* MudSearchBar.m in Sources */,
				64D0772A194CBAAD001CF5D3 /* MudRequest.m in Sources */,
				64956A6719837D4700F80A6E /* MudTabPageBar.m in Sources */,
				64959F8B198BE6BF00984DC9 /* UIDevice+Exension.m in Sources */,
				64D07727194CBAAD001CF5D3 /* MudMutableArray.m in Sources */,
				64F525731953081F002018A4 /* UIView+Category.m in Sources */,
				64D07749194CBAAD001CF5D3 /* MudNavigationViewController.m in Sources */,
				64956A6B19837FDE00F80A6E /* MudTabPageBarItem.m in Sources */,
				64D0774B194CBAAD001CF5D3 /* MudPickerView.m in Sources */,
				64279DCD19A0965800964E7B /* MudManager.m in Sources */,
				64D07736194CBAAD001CF5D3 /* UIImage+Resize.m in Sources */,
				64D07745194CBAAD001CF5D3 /* MudAlertView.m in Sources */,
				6485E565199A038C00872A73 /* NSURL+Extension.m in Sources */,
			);
			runOnlyForDeploymentPostprocessing = 0;
		};
/* End PBXSourcesBuildPhase section */

/* Begin PBXVariantGroup section */
		64D0765E1949C5FE001CF5D3 /* InfoPlist.strings */ = {
			isa = PBXVariantGroup;
			children = (
				64D0765F1949C5FE001CF5D3 /* en */,
			);
			name = InfoPlist.strings;
			sourceTree = "<group>";
		};
/* End PBXVariantGroup section */

/* Begin XCBuildConfiguration section */
		64D076631949C5FE001CF5D3 /* Debug */ = {
			isa = XCBuildConfiguration;
			buildSettings = {
				ALWAYS_SEARCH_USER_PATHS = NO;
				CLANG_CXX_LANGUAGE_STANDARD = "gnu++0x";
				CLANG_CXX_LIBRARY = "libc++";
				CLANG_ENABLE_MODULES = YES;
				CLANG_ENABLE_OBJC_ARC = YES;
				CLANG_WARN_BOOL_CONVERSION = YES;
				CLANG_WARN_CONSTANT_CONVERSION = YES;
				CLANG_WARN_DIRECT_OBJC_ISA_USAGE = YES_ERROR;
				CLANG_WARN_EMPTY_BODY = YES;
				CLANG_WARN_ENUM_CONVERSION = YES;
				CLANG_WARN_INT_CONVERSION = YES;
				CLANG_WARN_OBJC_ROOT_CLASS = YES_ERROR;
				CLANG_WARN__DUPLICATE_METHOD_MATCH = YES;
				COPY_PHASE_STRIP = NO;
				GCC_C_LANGUAGE_STANDARD = gnu99;
				GCC_DYNAMIC_NO_PIC = NO;
				GCC_OPTIMIZATION_LEVEL = 0;
				GCC_PREPROCESSOR_DEFINITIONS = (
					"DEBUG=1",
					"$(inherited)",
				);
				GCC_SYMBOLS_PRIVATE_EXTERN = NO;
				GCC_WARN_64_TO_32_BIT_CONVERSION = YES;
				GCC_WARN_ABOUT_RETURN_TYPE = YES_ERROR;
				GCC_WARN_UNDECLARED_SELECTOR = YES;
				GCC_WARN_UNINITIALIZED_AUTOS = YES_AGGRESSIVE;
				GCC_WARN_UNUSED_FUNCTION = YES;
				GCC_WARN_UNUSED_VARIABLE = YES;
				IPHONEOS_DEPLOYMENT_TARGET = 6.0;
				ONLY_ACTIVE_ARCH = YES;
				SDKROOT = iphoneos;
				SKIP_INSTALL = YES;
			};
			name = Debug;
		};
		64D076641949C5FE001CF5D3 /* Release */ = {
			isa = XCBuildConfiguration;
			buildSettings = {
				ALWAYS_SEARCH_USER_PATHS = NO;
				CLANG_CXX_LANGUAGE_STANDARD = "gnu++0x";
				CLANG_CXX_LIBRARY = "libc++";
				CLANG_ENABLE_MODULES = YES;
				CLANG_ENABLE_OBJC_ARC = YES;
				CLANG_WARN_BOOL_CONVERSION = YES;
				CLANG_WARN_CONSTANT_CONVERSION = YES;
				CLANG_WARN_DIRECT_OBJC_ISA_USAGE = YES_ERROR;
				CLANG_WARN_EMPTY_BODY = YES;
				CLANG_WARN_ENUM_CONVERSION = YES;
				CLANG_WARN_INT_CONVERSION = YES;
				CLANG_WARN_OBJC_ROOT_CLASS = YES_ERROR;
				CLANG_WARN__DUPLICATE_METHOD_MATCH = YES;
				COPY_PHASE_STRIP = YES;
				ENABLE_NS_ASSERTIONS = NO;
				GCC_C_LANGUAGE_STANDARD = gnu99;
				GCC_WARN_64_TO_32_BIT_CONVERSION = YES;
				GCC_WARN_ABOUT_RETURN_TYPE = YES_ERROR;
				GCC_WARN_UNDECLARED_SELECTOR = YES;
				GCC_WARN_UNINITIALIZED_AUTOS = YES_AGGRESSIVE;
				GCC_WARN_UNUSED_FUNCTION = YES;
				GCC_WARN_UNUSED_VARIABLE = YES;
				IPHONEOS_DEPLOYMENT_TARGET = 6.0;
				SDKROOT = iphoneos;
				SKIP_INSTALL = YES;
				VALIDATE_PRODUCT = YES;
			};
			name = Release;
		};
		64D076691949C5FE001CF5D3 /* Debug */ = {
			isa = XCBuildConfiguration;
			buildSettings = {
				FRAMEWORK_SEARCH_PATHS = (
					"$(SDKROOT)/Developer/Library/Frameworks",
					"$(inherited)",
					"$(DEVELOPER_FRAMEWORKS_DIR)",
				);
				GCC_PRECOMPILE_PREFIX_HEADER = YES;
				GCC_PREFIX_HEADER = "MudFramework/MudFramework-Prefix.pch";
				GCC_PREPROCESSOR_DEFINITIONS = (
					"DEBUG=1",
					"$(inherited)",
				);
				INFOPLIST_FILE = "MudFrameworkTests/MudFrameworkTests-Info.plist";
				ONLY_ACTIVE_ARCH = NO;
				PRODUCT_NAME = "$(TARGET_NAME)";
				SKIP_INSTALL = YES;
				WRAPPER_EXTENSION = xctest;
			};
			name = Debug;
		};
		64D0766A1949C5FE001CF5D3 /* Release */ = {
			isa = XCBuildConfiguration;
			buildSettings = {
				FRAMEWORK_SEARCH_PATHS = (
					"$(SDKROOT)/Developer/Library/Frameworks",
					"$(inherited)",
					"$(DEVELOPER_FRAMEWORKS_DIR)",
				);
				GCC_PRECOMPILE_PREFIX_HEADER = YES;
				GCC_PREFIX_HEADER = "MudFramework/MudFramework-Prefix.pch";
				INFOPLIST_FILE = "MudFrameworkTests/MudFrameworkTests-Info.plist";
				PRODUCT_NAME = "$(TARGET_NAME)";
				SKIP_INSTALL = YES;
				WRAPPER_EXTENSION = xctest;
			};
			name = Release;
		};
		64D0767A1949C62F001CF5D3 /* Debug */ = {
			isa = XCBuildConfiguration;
			buildSettings = {
				ARCHS = "$(ARCHS_STANDARD)";
				COMBINE_HIDPI_IMAGES = YES;
				DEAD_CODE_STRIPPING = NO;
				GCC_ENABLE_OBJC_EXCEPTIONS = YES;
				GCC_PRECOMPILE_PREFIX_HEADER = YES;
				GCC_PREFIX_HEADER = "MudFramework/MudFramework-Prefix.pch";
				GCC_PREPROCESSOR_DEFINITIONS = (
					"DEBUG=1",
					"$(inherited)",
				);
				INFOPLIST_FILE = "MudFramework/MudFramework-Info.plist";
				INSTALL_PATH = "$(LOCAL_LIBRARY_DIR)/Bundles";
				LINK_WITH_STANDARD_LIBRARIES = NO;
				MACH_O_TYPE = mh_object;
				MACOSX_DEPLOYMENT_TARGET = 10.9;
				ONLY_ACTIVE_ARCH = NO;
				PRODUCT_NAME = "$(TARGET_NAME)";
				SDKROOT = iphoneos;
				WRAPPER_EXTENSION = framework;
			};
			name = Debug;
		};
		64D0767B1949C62F001CF5D3 /* Release */ = {
			isa = XCBuildConfiguration;
			buildSettings = {
				ARCHS = "$(ARCHS_STANDARD)";
				COMBINE_HIDPI_IMAGES = YES;
				DEAD_CODE_STRIPPING = NO;
				DEBUG_INFORMATION_FORMAT = "dwarf-with-dsym";
				GCC_ENABLE_OBJC_EXCEPTIONS = YES;
				GCC_PRECOMPILE_PREFIX_HEADER = YES;
				GCC_PREFIX_HEADER = "MudFramework/MudFramework-Prefix.pch";
				INFOPLIST_FILE = "MudFramework/MudFramework-Info.plist";
				INSTALL_PATH = "$(LOCAL_LIBRARY_DIR)/Bundles";
				LINK_WITH_STANDARD_LIBRARIES = NO;
				MACH_O_TYPE = mh_object;
				MACOSX_DEPLOYMENT_TARGET = 10.9;
				ONLY_ACTIVE_ARCH = NO;
				PRODUCT_NAME = "$(TARGET_NAME)";
				SDKROOT = iphoneos;
				WRAPPER_EXTENSION = framework;
			};
			name = Release;
		};
/* End XCBuildConfiguration section */

/* Begin XCConfigurationList section */
		64D0763D1949C5FE001CF5D3 /* Build configuration list for PBXProject "MudFramework" */ = {
			isa = XCConfigurationList;
			buildConfigurations = (
				64D076631949C5FE001CF5D3 /* Debug */,
				64D076641949C5FE001CF5D3 /* Release */,
			);
			defaultConfigurationIsVisible = 0;
			defaultConfigurationName = Release;
		};
		64D076681949C5FE001CF5D3 /* Build configuration list for PBXNativeTarget "MudFrameworkTests" */ = {
			isa = XCConfigurationList;
			buildConfigurations = (
				64D076691949C5FE001CF5D3 /* Debug */,
				64D0766A1949C5FE001CF5D3 /* Release */,
			);
			defaultConfigurationIsVisible = 0;
			defaultConfigurationName = Release;
		};
		64D076791949C62F001CF5D3 /* Build configuration list for PBXNativeTarget "MudFramework" */ = {
			isa = XCConfigurationList;
			buildConfigurations = (
				64D0767A1949C62F001CF5D3 /* Debug */,
				64D0767B1949C62F001CF5D3 /* Release */,
			);
			defaultConfigurationIsVisible = 0;
			defaultConfigurationName = Release;
		};
/* End XCConfigurationList section */
	};
	rootObject = 64D0763A1949C5FE001CF5D3 /* Project object */;
}
